
Microsoft Visual Studio Solution File, Format Version 12.00
# Visual Studio 15
VisualStudioVersion = 15.0.28010.2041
MinimumVisualStudioVersion = 10.0.40219.1
Project("{9A19103F-16F7-4668-BE54-9A1E7A4F7556}") = "MtgApiManager.Lib", "MtgApiManager.Lib\MtgApiManager.Lib.csproj", "{363A4B72-00F1-494C-9A0B-7BAFAC907C75}"
EndProject
Project("{FAE04EC0-301F-11D3-BF4B-00C04F79EFBC}") = "MtgApiManager.Lib.TestApp", "MtgApiManager.Lib.TestApp\MtgApiManager.Lib.TestApp.csproj", "{B1244465-9B0B-46FC-BE02-7FAC47547792}"
EndProject
Project("{FAE04EC0-301F-11D3-BF4B-00C04F79EFBC}") = "MtgApiManager.Lib.Test", "MtgApiManager.Lib.Test\MtgApiManager.Lib.Test.csproj", "{54FB7544-8072-41B4-A787-00BC74CDFDB5}"
EndProject
Global
	GlobalSection(SolutionConfigurationPlatforms) = preSolution
		Debug|Any CPU = Debug|Any CPU
		Release|Any CPU = Release|Any CPU
	EndGlobalSection
	GlobalSection(ProjectConfigurationPlatforms) = postSolution
		{363A4B72-00F1-494C-9A0B-7BAFAC907C75}.Debug|Any CPU.ActiveCfg = Debug|Any CPU
		{363A4B72-00F1-494C-9A0B-7BAFAC907C75}.Debug|Any CPU.Build.0 = Debug|Any CPU
		{363A4B72-00F1-494C-9A0B-7BAFAC907C75}.Release|Any CPU.ActiveCfg = Release|Any CPU
		{363A4B72-00F1-494C-9A0B-7BAFAC907C75}.Release|Any CPU.Build.0 = Release|Any CPU
		{B1244465-9B0B-46FC-BE02-7FAC47547792}.Debug|Any CPU.ActiveCfg = Debug|Any CPU
		{B1244465-9B0B-46FC-BE02-7FAC47547792}.Debug|Any CPU.Build.0 = Debug|Any CPU
		{B1244465-9B0B-46FC-BE02-7FAC47547792}.Release|Any CPU.ActiveCfg = Release|Any CPU
		{B1244465-9B0B-46FC-BE02-7FAC47547792}.Release|Any CPU.Build.0 = Release|Any CPU
		{54FB7544-8072-41B4-A787-00BC74CDFDB5}.Debug|Any CPU.ActiveCfg = Debug|Any CPU
		{54FB7544-8072-41B4-A787-00BC74CDFDB5}.Debug|Any CPU.Build.0 = Debug|Any CPU
		{54FB7544-8072-41B4-A787-00BC74CDFDB5}.Release|Any CPU.ActiveCfg = Release|Any CPU
		{54FB7544-8072-41B4-A787-00BC74CDFDB5}.Release|Any CPU.Build.0 = Release|Any CPU
	EndGlobalSection
	GlobalSection(SolutionProperties) = preSolution
		HideSolutionNode = FALSE
	EndGlobalSection
	GlobalSection(ExtensibilityGlobals) = postSolution
		SolutionGuid = {331B38DE-738D-4482-B769-AB7B63750D6D}
	EndGlobalSection
EndGlobal
